
Microsoft Visual Studio Solution File, Format Version 12.00
# Visual Studio Version 17
VisualStudioVersion = 17.0.31903.59
MinimumVisualStudioVersion = 10.0.40219.1
Project("{FAE04EC0-301F-11D3-BF4B-00C04F79EFBC}") = "CalculatorAsp", "CalculatorAsp\CalculatorAsp.csproj", "{BD1B4083-6A03-49A8-AE5E-849FD3887C1A}"
EndProject
Project("{FAE04EC0-301F-11D3-BF4B-00C04F79EFBC}") = "Test", "Test\Test.csproj", "{2C139664-7524-499E-AE5D-3FF433864EFC}"
EndProject
Global
	GlobalSection(SolutionConfigurationPlatforms) = preSolution
		Debug|Any CPU = Debug|Any CPU
		Release|Any CPU = Release|Any CPU
	EndGlobalSection
	GlobalSection(ProjectConfigurationPlatforms) = postSolution
		{BD1B4083-6A03-49A8-AE5E-849FD3887C1A}.Debug|Any CPU.ActiveCfg = Debug|Any CPU
		{BD1B4083-6A03-49A8-AE5E-849FD3887C1A}.Debug|Any CPU.Build.0 = Debug|Any CPU
		{BD1B4083-6A03-49A8-AE5E-849FD3887C1A}.Release|Any CPU.ActiveCfg = Release|Any CPU
		{BD1B4083-6A03-49A8-AE5E-849FD3887C1A}.Release|Any CPU.Build.0 = Release|Any CPU
		{2C139664-7524-499E-AE5D-3FF433864EFC}.Debug|Any CPU.ActiveCfg = Debug|Any CPU
		{2C139664-7524-499E-AE5D-3FF433864EFC}.Debug|Any CPU.Build.0 = Debug|Any CPU
		{2C139664-7524-499E-AE5D-3FF433864EFC}.Release|Any CPU.ActiveCfg = Release|Any CPU
		{2C139664-7524-499E-AE5D-3FF433864EFC}.Release|Any CPU.Build.0 = Release|Any CPU
	EndGlobalSection
	GlobalSection(SolutionProperties) = preSolution
		HideSolutionNode = FALSE
	EndGlobalSection
	GlobalSection(ExtensibilityGlobals) = postSolution
		SolutionGuid = {8A0E2655-F83D-445D-B1F8-62DBF7896AE3}
	EndGlobalSection
EndGlobal
